
Microsoft Visual Studio Solution File, Format Version 12.00
# Visual Studio Version 17
VisualStudioVersion = 17.14.36811.4 d17.14
MinimumVisualStudioVersion = 10.0.40219.1
Project("{FAE04EC0-301F-11D3-BF4B-00C04F79EFBC}") = "Inspection_Outcome", "Inspection_Outcome\Inspection_Outcome.csproj", "{46D8703D-5122-4573-BDCC-0DBFBD0989A0}"
EndProject
Global
	GlobalSection(SolutionConfigurationPlatforms) = preSolution
		Debug|Any CPU = Debug|Any CPU
		Release|Any CPU = Release|Any CPU
	EndGlobalSection
	GlobalSection(ProjectConfigurationPlatforms) = postSolution
		{46D8703D-5122-4573-BDCC-0DBFBD0989A0}.Debug|Any CPU.ActiveCfg = Debug|Any CPU
		{46D8703D-5122-4573-BDCC-0DBFBD0989A0}.Debug|Any CPU.Build.0 = Debug|Any CPU
		{46D8703D-5122-4573-BDCC-0DBFBD0989A0}.Release|Any CPU.ActiveCfg = Release|Any CPU
		{46D8703D-5122-4573-BDCC-0DBFBD0989A0}.Release|Any CPU.Build.0 = Release|Any CPU
	EndGlobalSection
	GlobalSection(SolutionProperties) = preSolution
		HideSolutionNode = FALSE
	EndGlobalSection
	GlobalSection(ExtensibilityGlobals) = postSolution
		SolutionGuid = {9F9C253F-3D9B-4B38-9B43-2230805E9BBB}
	EndGlobalSection
EndGlobal
